
Microsoft Visual Studio Solution File, Format Version 12.00
# Visual Studio Version 16
VisualStudioVersion = 16.0.29613.14
MinimumVisualStudioVersion = 10.0.40219.1
Project("{FAE04EC0-301F-11D3-BF4B-00C04F79EFBC}") = "ConstExercise_p231", "ConstExercise_p231\ConstExercise_p231.csproj", "{2351F5C3-7D20-4ECD-A8FC-91C33E7B08C2}"
EndProject
Global
	GlobalSection(SolutionConfigurationPlatforms) = preSolution
		Debug|Any CPU = Debug|Any CPU
		Release|Any CPU = Release|Any CPU
	EndGlobalSection
	GlobalSection(ProjectConfigurationPlatforms) = postSolution
		{2351F5C3-7D20-4ECD-A8FC-91C33E7B08C2}.Debug|Any CPU.ActiveCfg = Debug|Any CPU
		{2351F5C3-7D20-4ECD-A8FC-91C33E7B08C2}.Debug|Any CPU.Build.0 = Debug|Any CPU
		{2351F5C3-7D20-4ECD-A8FC-91C33E7B08C2}.Release|Any CPU.ActiveCfg = Release|Any CPU
		{2351F5C3-7D20-4ECD-A8FC-91C33E7B08C2}.Release|Any CPU.Build.0 = Release|Any CPU
	EndGlobalSection
	GlobalSection(SolutionProperties) = preSolution
		HideSolutionNode = FALSE
	EndGlobalSection
	GlobalSection(ExtensibilityGlobals) = postSolution
		SolutionGuid = {57C9CA06-416C-4E1C-9CF3-EE9DDDB7A8E3}
	EndGlobalSection
EndGlobal
