
Microsoft Visual Studio Solution File, Format Version 12.00
# Visual Studio Version 16
VisualStudioVersion = 16.0.29613.14
MinimumVisualStudioVersion = 10.0.40219.1
Project("{FAE04EC0-301F-11D3-BF4B-00C04F79EFBC}") = "ClassesAndMethodsExercise_p160", "ClassesAndMethodsExercise_p160\ClassesAndMethodsExercise_p160.csproj", "{0227589C-D2D3-4560-9F3C-B81E9DE7E875}"
EndProject
Global
	GlobalSection(SolutionConfigurationPlatforms) = preSolution
		Debug|Any CPU = Debug|Any CPU
		Release|Any CPU = Release|Any CPU
	EndGlobalSection
	GlobalSection(ProjectConfigurationPlatforms) = postSolution
		{0227589C-D2D3-4560-9F3C-B81E9DE7E875}.Debug|Any CPU.ActiveCfg = Debug|Any CPU
		{0227589C-D2D3-4560-9F3C-B81E9DE7E875}.Debug|Any CPU.Build.0 = Debug|Any CPU
		{0227589C-D2D3-4560-9F3C-B81E9DE7E875}.Release|Any CPU.ActiveCfg = Release|Any CPU
		{0227589C-D2D3-4560-9F3C-B81E9DE7E875}.Release|Any CPU.Build.0 = Release|Any CPU
	EndGlobalSection
	GlobalSection(SolutionProperties) = preSolution
		HideSolutionNode = FALSE
	EndGlobalSection
	GlobalSection(ExtensibilityGlobals) = postSolution
		SolutionGuid = {14EF3ED2-EB80-401B-AD70-BB13B3C0BFA1}
	EndGlobalSection
EndGlobal
