
Microsoft Visual Studio Solution File, Format Version 12.00
# Visual Studio Version 16
VisualStudioVersion = 16.0.29613.14
MinimumVisualStudioVersion = 10.0.40219.1
Project("{FAE04EC0-301F-11D3-BF4B-00C04F79EFBC}") = "FirstProject", "FirstProject\FirstProject.csproj", "{A259DA50-DECC-42BC-B927-DB70BF0479C0}"
EndProject
Global
	GlobalSection(SolutionConfigurationPlatforms) = preSolution
		Debug|Any CPU = Debug|Any CPU
		Release|Any CPU = Release|Any CPU
	EndGlobalSection
	GlobalSection(ProjectConfigurationPlatforms) = postSolution
		{A259DA50-DECC-42BC-B927-DB70BF0479C0}.Debug|Any CPU.ActiveCfg = Debug|Any CPU
		{A259DA50-DECC-42BC-B927-DB70BF0479C0}.Debug|Any CPU.Build.0 = Debug|Any CPU
		{A259DA50-DECC-42BC-B927-DB70BF0479C0}.Release|Any CPU.ActiveCfg = Release|Any CPU
		{A259DA50-DECC-42BC-B927-DB70BF0479C0}.Release|Any CPU.Build.0 = Release|Any CPU
	EndGlobalSection
	GlobalSection(SolutionProperties) = preSolution
		HideSolutionNode = FALSE
	EndGlobalSection
	GlobalSection(ExtensibilityGlobals) = postSolution
		SolutionGuid = {368A431F-719E-434F-8217-4782E47CC959}
	EndGlobalSection
EndGlobal
