
Microsoft Visual Studio Solution File, Format Version 12.00
# Visual Studio Version 16
VisualStudioVersion = 16.0.29613.14
MinimumVisualStudioVersion = 10.0.40219.1
Project("{FAE04EC0-301F-11D3-BF4B-00C04F79EFBC}") = "IOExercise_p218", "IOExercise_p218\IOExercise_p218.csproj", "{D9C67F0C-FB24-4D99-A6E8-28D31C28D867}"
EndProject
Global
	GlobalSection(SolutionConfigurationPlatforms) = preSolution
		Debug|Any CPU = Debug|Any CPU
		Release|Any CPU = Release|Any CPU
	EndGlobalSection
	GlobalSection(ProjectConfigurationPlatforms) = postSolution
		{D9C67F0C-FB24-4D99-A6E8-28D31C28D867}.Debug|Any CPU.ActiveCfg = Debug|Any CPU
		{D9C67F0C-FB24-4D99-A6E8-28D31C28D867}.Debug|Any CPU.Build.0 = Debug|Any CPU
		{D9C67F0C-FB24-4D99-A6E8-28D31C28D867}.Release|Any CPU.ActiveCfg = Release|Any CPU
		{D9C67F0C-FB24-4D99-A6E8-28D31C28D867}.Release|Any CPU.Build.0 = Release|Any CPU
	EndGlobalSection
	GlobalSection(SolutionProperties) = preSolution
		HideSolutionNode = FALSE
	EndGlobalSection
	GlobalSection(ExtensibilityGlobals) = postSolution
		SolutionGuid = {26125708-37A8-4F29-9BB8-6D74FD0BF1E7}
	EndGlobalSection
EndGlobal
