
Microsoft Visual Studio Solution File, Format Version 12.00
# Visual Studio Version 16
VisualStudioVersion = 16.0.29613.14
MinimumVisualStudioVersion = 10.0.40219.1
Project("{FAE04EC0-301F-11D3-BF4B-00C04F79EFBC}") = "DateTime_p221", "DateTime_p221\DateTime_p221.csproj", "{F44ACE26-4968-4D0E-BB88-D37C416F1E2A}"
EndProject
Global
	GlobalSection(SolutionConfigurationPlatforms) = preSolution
		Debug|Any CPU = Debug|Any CPU
		Release|Any CPU = Release|Any CPU
	EndGlobalSection
	GlobalSection(ProjectConfigurationPlatforms) = postSolution
		{F44ACE26-4968-4D0E-BB88-D37C416F1E2A}.Debug|Any CPU.ActiveCfg = Debug|Any CPU
		{F44ACE26-4968-4D0E-BB88-D37C416F1E2A}.Debug|Any CPU.Build.0 = Debug|Any CPU
		{F44ACE26-4968-4D0E-BB88-D37C416F1E2A}.Release|Any CPU.ActiveCfg = Release|Any CPU
		{F44ACE26-4968-4D0E-BB88-D37C416F1E2A}.Release|Any CPU.Build.0 = Release|Any CPU
	EndGlobalSection
	GlobalSection(SolutionProperties) = preSolution
		HideSolutionNode = FALSE
	EndGlobalSection
	GlobalSection(ExtensibilityGlobals) = postSolution
		SolutionGuid = {3DE82E07-E9C6-4AD1-A830-E891934609D4}
	EndGlobalSection
EndGlobal
