
Microsoft Visual Studio Solution File, Format Version 12.00
# Visual Studio Version 16
VisualStudioVersion = 16.0.29613.14
MinimumVisualStudioVersion = 10.0.40219.1
Project("{FAE04EC0-301F-11D3-BF4B-00C04F79EFBC}") = "ClassesAndMethodsExercise_p169", "ClassesAndMethodsExercise_p169\ClassesAndMethodsExercise_p169.csproj", "{0FA6FED9-0234-4ECB-A20A-350DE1583565}"
EndProject
Global
	GlobalSection(SolutionConfigurationPlatforms) = preSolution
		Debug|Any CPU = Debug|Any CPU
		Release|Any CPU = Release|Any CPU
	EndGlobalSection
	GlobalSection(ProjectConfigurationPlatforms) = postSolution
		{0FA6FED9-0234-4ECB-A20A-350DE1583565}.Debug|Any CPU.ActiveCfg = Debug|Any CPU
		{0FA6FED9-0234-4ECB-A20A-350DE1583565}.Debug|Any CPU.Build.0 = Debug|Any CPU
		{0FA6FED9-0234-4ECB-A20A-350DE1583565}.Release|Any CPU.ActiveCfg = Release|Any CPU
		{0FA6FED9-0234-4ECB-A20A-350DE1583565}.Release|Any CPU.Build.0 = Release|Any CPU
	EndGlobalSection
	GlobalSection(SolutionProperties) = preSolution
		HideSolutionNode = FALSE
	EndGlobalSection
	GlobalSection(ExtensibilityGlobals) = postSolution
		SolutionGuid = {CCB88CF3-6A98-4744-A11C-C27F8F4FD858}
	EndGlobalSection
EndGlobal
