
Microsoft Visual Studio Solution File, Format Version 12.00
# Visual Studio Version 16
VisualStudioVersion = 16.0.29613.14
MinimumVisualStudioVersion = 10.0.40219.1
Project("{FAE04EC0-301F-11D3-BF4B-00C04F79EFBC}") = "TwentyOne", "TwentyOne\TwentyOne.csproj", "{485F0AE7-6BC7-4C46-8C6E-8712D0EF2566}"
EndProject
Project("{FAE04EC0-301F-11D3-BF4B-00C04F79EFBC}") = "Casino", "Casino\Casino.csproj", "{0E0380E4-1D70-4BE4-8725-206B0DAD8C28}"
EndProject
Global
	GlobalSection(SolutionConfigurationPlatforms) = preSolution
		Debug|Any CPU = Debug|Any CPU
		Release|Any CPU = Release|Any CPU
	EndGlobalSection
	GlobalSection(ProjectConfigurationPlatforms) = postSolution
		{485F0AE7-6BC7-4C46-8C6E-8712D0EF2566}.Debug|Any CPU.ActiveCfg = Debug|Any CPU
		{485F0AE7-6BC7-4C46-8C6E-8712D0EF2566}.Debug|Any CPU.Build.0 = Debug|Any CPU
		{485F0AE7-6BC7-4C46-8C6E-8712D0EF2566}.Release|Any CPU.ActiveCfg = Release|Any CPU
		{485F0AE7-6BC7-4C46-8C6E-8712D0EF2566}.Release|Any CPU.Build.0 = Release|Any CPU
		{0E0380E4-1D70-4BE4-8725-206B0DAD8C28}.Debug|Any CPU.ActiveCfg = Debug|Any CPU
		{0E0380E4-1D70-4BE4-8725-206B0DAD8C28}.Debug|Any CPU.Build.0 = Debug|Any CPU
		{0E0380E4-1D70-4BE4-8725-206B0DAD8C28}.Release|Any CPU.ActiveCfg = Release|Any CPU
		{0E0380E4-1D70-4BE4-8725-206B0DAD8C28}.Release|Any CPU.Build.0 = Release|Any CPU
	EndGlobalSection
	GlobalSection(SolutionProperties) = preSolution
		HideSolutionNode = FALSE
	EndGlobalSection
	GlobalSection(ExtensibilityGlobals) = postSolution
		SolutionGuid = {1923FF66-F127-48FB-8496-279BEBBD203F}
	EndGlobalSection
EndGlobal
