
Microsoft Visual Studio Solution File, Format Version 12.00
# Visual Studio Version 16
VisualStudioVersion = 16.0.29613.14
MinimumVisualStudioVersion = 10.0.40219.1
Project("{FAE04EC0-301F-11D3-BF4B-00C04F79EFBC}") = "EnumExercise_p192", "EnumExercise_p192\EnumExercise_p192.csproj", "{52EF0C8A-4512-4854-8BF2-BCBC56C79BC2}"
EndProject
Global
	GlobalSection(SolutionConfigurationPlatforms) = preSolution
		Debug|Any CPU = Debug|Any CPU
		Release|Any CPU = Release|Any CPU
	EndGlobalSection
	GlobalSection(ProjectConfigurationPlatforms) = postSolution
		{52EF0C8A-4512-4854-8BF2-BCBC56C79BC2}.Debug|Any CPU.ActiveCfg = Debug|Any CPU
		{52EF0C8A-4512-4854-8BF2-BCBC56C79BC2}.Debug|Any CPU.Build.0 = Debug|Any CPU
		{52EF0C8A-4512-4854-8BF2-BCBC56C79BC2}.Release|Any CPU.ActiveCfg = Release|Any CPU
		{52EF0C8A-4512-4854-8BF2-BCBC56C79BC2}.Release|Any CPU.Build.0 = Release|Any CPU
	EndGlobalSection
	GlobalSection(SolutionProperties) = preSolution
		HideSolutionNode = FALSE
	EndGlobalSection
	GlobalSection(ExtensibilityGlobals) = postSolution
		SolutionGuid = {0F30C667-8076-4133-828A-6D2D459A2000}
	EndGlobalSection
EndGlobal
