
Microsoft Visual Studio Solution File, Format Version 12.00
# Visual Studio Version 16
VisualStudioVersion = 16.0.29613.14
MinimumVisualStudioVersion = 10.0.40219.1
Project("{FAE04EC0-301F-11D3-BF4B-00C04F79EFBC}") = "ClassesAndMethodsExercise_p164", "ClassesAndMethodsExercise_p164\ClassesAndMethodsExercise_p164.csproj", "{3DA32C5D-4A1B-46C7-B8E8-92A0E07FD904}"
EndProject
Global
	GlobalSection(SolutionConfigurationPlatforms) = preSolution
		Debug|Any CPU = Debug|Any CPU
		Release|Any CPU = Release|Any CPU
	EndGlobalSection
	GlobalSection(ProjectConfigurationPlatforms) = postSolution
		{3DA32C5D-4A1B-46C7-B8E8-92A0E07FD904}.Debug|Any CPU.ActiveCfg = Debug|Any CPU
		{3DA32C5D-4A1B-46C7-B8E8-92A0E07FD904}.Debug|Any CPU.Build.0 = Debug|Any CPU
		{3DA32C5D-4A1B-46C7-B8E8-92A0E07FD904}.Release|Any CPU.ActiveCfg = Release|Any CPU
		{3DA32C5D-4A1B-46C7-B8E8-92A0E07FD904}.Release|Any CPU.Build.0 = Release|Any CPU
	EndGlobalSection
	GlobalSection(SolutionProperties) = preSolution
		HideSolutionNode = FALSE
	EndGlobalSection
	GlobalSection(ExtensibilityGlobals) = postSolution
		SolutionGuid = {88EB9353-F204-44A0-965B-55AE4702CA58}
	EndGlobalSection
EndGlobal
