
Microsoft Visual Studio Solution File, Format Version 12.00
# Visual Studio Version 16
VisualStudioVersion = 16.0.29613.14
MinimumVisualStudioVersion = 10.0.40219.1
Project("{FAE04EC0-301F-11D3-BF4B-00C04F79EFBC}") = "IterationExercise_p103", "IterationExercise_p103\IterationExercise_p103.csproj", "{D15EC57A-27F0-45E5-A629-EF5306DAD90A}"
EndProject
Global
	GlobalSection(SolutionConfigurationPlatforms) = preSolution
		Debug|Any CPU = Debug|Any CPU
		Release|Any CPU = Release|Any CPU
	EndGlobalSection
	GlobalSection(ProjectConfigurationPlatforms) = postSolution
		{D15EC57A-27F0-45E5-A629-EF5306DAD90A}.Debug|Any CPU.ActiveCfg = Debug|Any CPU
		{D15EC57A-27F0-45E5-A629-EF5306DAD90A}.Debug|Any CPU.Build.0 = Debug|Any CPU
		{D15EC57A-27F0-45E5-A629-EF5306DAD90A}.Release|Any CPU.ActiveCfg = Release|Any CPU
		{D15EC57A-27F0-45E5-A629-EF5306DAD90A}.Release|Any CPU.Build.0 = Release|Any CPU
	EndGlobalSection
	GlobalSection(SolutionProperties) = preSolution
		HideSolutionNode = FALSE
	EndGlobalSection
	GlobalSection(ExtensibilityGlobals) = postSolution
		SolutionGuid = {FAC23F58-4506-4DB3-A76F-77F136AE5688}
	EndGlobalSection
EndGlobal
