
Microsoft Visual Studio Solution File, Format Version 12.00
# Visual Studio Version 16
VisualStudioVersion = 16.0.29613.14
MinimumVisualStudioVersion = 10.0.40219.1
Project("{FAE04EC0-301F-11D3-BF4B-00C04F79EFBC}") = "ExceptionHandling", "ExceptionHandling\ExceptionHandling.csproj", "{4B531AD1-A83B-42DF-92BE-56F747D9C4D2}"
EndProject
Global
	GlobalSection(SolutionConfigurationPlatforms) = preSolution
		Debug|Any CPU = Debug|Any CPU
		Release|Any CPU = Release|Any CPU
	EndGlobalSection
	GlobalSection(ProjectConfigurationPlatforms) = postSolution
		{4B531AD1-A83B-42DF-92BE-56F747D9C4D2}.Debug|Any CPU.ActiveCfg = Debug|Any CPU
		{4B531AD1-A83B-42DF-92BE-56F747D9C4D2}.Debug|Any CPU.Build.0 = Debug|Any CPU
		{4B531AD1-A83B-42DF-92BE-56F747D9C4D2}.Release|Any CPU.ActiveCfg = Release|Any CPU
		{4B531AD1-A83B-42DF-92BE-56F747D9C4D2}.Release|Any CPU.Build.0 = Release|Any CPU
	EndGlobalSection
	GlobalSection(SolutionProperties) = preSolution
		HideSolutionNode = FALSE
	EndGlobalSection
	GlobalSection(ExtensibilityGlobals) = postSolution
		SolutionGuid = {97431B1C-38BB-44E3-8162-D9EE54660627}
	EndGlobalSection
EndGlobal
