
Microsoft Visual Studio Solution File, Format Version 12.00
# Visual Studio Version 16
VisualStudioVersion = 16.0.29613.14
MinimumVisualStudioVersion = 10.0.40219.1
Project("{FAE04EC0-301F-11D3-BF4B-00C04F79EFBC}") = "ClassesAndMethodsExercise_p156", "ClassesAndMethodsExercise_p156\ClassesAndMethodsExercise_p156.csproj", "{B8C25DBE-F000-4197-9CC6-57F6D615C311}"
EndProject
Global
	GlobalSection(SolutionConfigurationPlatforms) = preSolution
		Debug|Any CPU = Debug|Any CPU
		Release|Any CPU = Release|Any CPU
	EndGlobalSection
	GlobalSection(ProjectConfigurationPlatforms) = postSolution
		{B8C25DBE-F000-4197-9CC6-57F6D615C311}.Debug|Any CPU.ActiveCfg = Debug|Any CPU
		{B8C25DBE-F000-4197-9CC6-57F6D615C311}.Debug|Any CPU.Build.0 = Debug|Any CPU
		{B8C25DBE-F000-4197-9CC6-57F6D615C311}.Release|Any CPU.ActiveCfg = Release|Any CPU
		{B8C25DBE-F000-4197-9CC6-57F6D615C311}.Release|Any CPU.Build.0 = Release|Any CPU
	EndGlobalSection
	GlobalSection(SolutionProperties) = preSolution
		HideSolutionNode = FALSE
	EndGlobalSection
	GlobalSection(ExtensibilityGlobals) = postSolution
		SolutionGuid = {BD046327-5718-46B5-806C-33E4AA6B408F}
	EndGlobalSection
EndGlobal
